
Microsoft Visual Studio Solution File, Format Version 12.00
# Visual Studio 15
VisualStudioVersion = 15.0.28307.136
MinimumVisualStudioVersion = 10.0.40219.1
Project("{FAE04EC0-301F-11D3-BF4B-00C04F79EFBC}") = "ConcurrentOperations", "ConcurrentOperations\ConcurrentOperations.csproj", "{357D4CF2-6A99-4882-9F51-F5A2362CF063}"
EndProject
Global
	GlobalSection(SolutionConfigurationPlatforms) = preSolution
		Debug|Any CPU = Debug|Any CPU
		Release|Any CPU = Release|Any CPU
	EndGlobalSection
	GlobalSection(ProjectConfigurationPlatforms) = postSolution
		{357D4CF2-6A99-4882-9F51-F5A2362CF063}.Debug|Any CPU.ActiveCfg = Debug|Any CPU
		{357D4CF2-6A99-4882-9F51-F5A2362CF063}.Debug|Any CPU.Build.0 = Debug|Any CPU
		{357D4CF2-6A99-4882-9F51-F5A2362CF063}.Release|Any CPU.ActiveCfg = Release|Any CPU
		{357D4CF2-6A99-4882-9F51-F5A2362CF063}.Release|Any CPU.Build.0 = Release|Any CPU
	EndGlobalSection
	GlobalSection(SolutionProperties) = preSolution
		HideSolutionNode = FALSE
	EndGlobalSection
	GlobalSection(ExtensibilityGlobals) = postSolution
		SolutionGuid = {ACC5437D-FF6A-4701-AB74-C24AFE2936B9}
	EndGlobalSection
EndGlobal
